// !$*UTF8*$!
{
	archiveVersion = 1;
	classes = {
	};
	objectVersion = 46;
	objects = {

/* Begin PBXBuildFile section */
		80A7EA6F3B894735F62A9A62 /* Pods_swift_tutorial.framework in Frameworks */ = {isa = PBXBuildFile; fileRef = B9A90E21570AAAA2920D128E /* Pods_swift_tutorial.framework */; };
		B904B0731D14DA42000B869A /* swift_tutorialTests.swift in Sources */ = {isa = PBXBuildFile; fileRef = B904B0721D14DA42000B869A /* swift_tutorialTests.swift */; };
		B904B07D1D14DCB4000B869A /* SWSCLAlertViewController.swift in Sources */ = {isa = PBXBuildFile; fileRef = B904B07C1D14DCB4000B869A /* SWSCLAlertViewController.swift */; };
		B904B07E1D14DCE4000B869A /* SWButtonViewController.swift in Sources */ = {isa = PBXBuildFile; fileRef = B9DA1F4B1CE22F36009B489A /* SWButtonViewController.swift */; };
		B9DA1F4C1CE22F36009B489A /* SWButtonViewController.swift in Sources */ = {isa = PBXBuildFile; fileRef = B9DA1F4B1CE22F36009B489A /* SWButtonViewController.swift */; };
		B9DA1F4E1CE23479009B489A /* SWUIViewController.swift in Sources */ = {isa = PBXBuildFile; fileRef = B9DA1F4D1CE23479009B489A /* SWUIViewController.swift */; };
		E90671951CEBF0EE004D0AE2 /* SWAPIManager.swift in Sources */ = {isa = PBXBuildFile; fileRef = E90671941CEBF0EE004D0AE2 /* SWAPIManager.swift */; };
		E90671981CEBF2CC004D0AE2 /* APIResult.swift in Sources */ = {isa = PBXBuildFile; fileRef = E90671971CEBF2CC004D0AE2 /* APIResult.swift */; };
		E906719A1CEBF54C004D0AE2 /* SWNetworkViewController.swift in Sources */ = {isa = PBXBuildFile; fileRef = E90671991CEBF54C004D0AE2 /* SWNetworkViewController.swift */; };
		E906719E1CEBF7D4004D0AE2 /* SWProgress.swift in Sources */ = {isa = PBXBuildFile; fileRef = E906719D1CEBF7D4004D0AE2 /* SWProgress.swift */; };
		E90671A01CEBF970004D0AE2 /* SWUtil.swift in Sources */ = {isa = PBXBuildFile; fileRef = E906719F1CEBF970004D0AE2 /* SWUtil.swift */; };
		E90671A31CEBFC80004D0AE2 /* SWConst.swift in Sources */ = {isa = PBXBuildFile; fileRef = E90671A21CEBFC80004D0AE2 /* SWConst.swift */; };
		E90671A51CEC013A004D0AE2 /* UIApplication+Extension.swift in Sources */ = {isa = PBXBuildFile; fileRef = E90671A41CEC013A004D0AE2 /* UIApplication+Extension.swift */; };
		E90BA14A1D18FCA800522020 /* SWMessageViewController.swift in Sources */ = {isa = PBXBuildFile; fileRef = E90BA1491D18FCA800522020 /* SWMessageViewController.swift */; };
		E92179521CF7FDD1004D413E /* SWUITests.swift in Sources */ = {isa = PBXBuildFile; fileRef = E92179511CF7FDD1004D413E /* SWUITests.swift */; };
		E92DDA701CF28DE4001429FC /* SWTrackModel.swift in Sources */ = {isa = PBXBuildFile; fileRef = E92DDA6F1CF28DE4001429FC /* SWTrackModel.swift */; };
		E98610141CF4284100D613F4 /* SWAlert.swift in Sources */ = {isa = PBXBuildFile; fileRef = E98610131CF4284100D613F4 /* SWAlert.swift */; };
		E98610161CF429FD00D613F4 /* SWAlertViewController.swift in Sources */ = {isa = PBXBuildFile; fileRef = E98610151CF429FD00D613F4 /* SWAlertViewController.swift */; };
		E9E59B6A1CE0473900F00910 /* AppDelegate.swift in Sources */ = {isa = PBXBuildFile; fileRef = E9E59B691CE0473900F00910 /* AppDelegate.swift */; };
		E9E59B6C1CE0473900F00910 /* ViewController.swift in Sources */ = {isa = PBXBuildFile; fileRef = E9E59B6B1CE0473900F00910 /* ViewController.swift */; };
		E9E59B6F1CE0473900F00910 /* Main.storyboard in Resources */ = {isa = PBXBuildFile; fileRef = E9E59B6D1CE0473900F00910 /* Main.storyboard */; };
		E9E59B711CE0473900F00910 /* Assets.xcassets in Resources */ = {isa = PBXBuildFile; fileRef = E9E59B701CE0473900F00910 /* Assets.xcassets */; };
		E9E59B741CE0473900F00910 /* LaunchScreen.storyboard in Resources */ = {isa = PBXBuildFile; fileRef = E9E59B721CE0473900F00910 /* LaunchScreen.storyboard */; };
/* End PBXBuildFile section */

/* Begin PBXContainerItemProxy section */
		B904B0751D14DA42000B869A /* PBXContainerItemProxy */ = {
			isa = PBXContainerItemProxy;
			containerPortal = E9E59B5E1CE0473900F00910 /* Project object */;
			proxyType = 1;
			remoteGlobalIDString = E9E59B651CE0473900F00910;
			remoteInfo = swift_tutorial;
		};
		E921794B1CF7FD9D004D413E /* PBXContainerItemProxy */ = {
			isa = PBXContainerItemProxy;
			containerPortal = E9E59B5E1CE0473900F00910 /* Project object */;
			proxyType = 1;
			remoteGlobalIDString = E9E59B651CE0473900F00910;
			remoteInfo = swift_tutorial;
		};
/* End PBXContainerItemProxy section */

/* Begin PBXFileReference section */
		2333C8C9B2C462A51C98E970 /* Pods-swift_tutorial.release.xcconfig */ = {isa = PBXFileReference; includeInIndex = 1; lastKnownFileType = text.xcconfig; name = "Pods-swift_tutorial.release.xcconfig"; path = "Pods/Target Support Files/Pods-swift_tutorial/Pods-swift_tutorial.release.xcconfig"; sourceTree = "<group>"; };
		383E149E03967457F9D3F382 /* Pods-swift_tutorial.debug.xcconfig */ = {isa = PBXFileReference; includeInIndex = 1; lastKnownFileType = text.xcconfig; name = "Pods-swift_tutorial.debug.xcconfig"; path = "Pods/Target Support Files/Pods-swift_tutorial/Pods-swift_tutorial.debug.xcconfig"; sourceTree = "<group>"; };
		B904B0701D14DA42000B869A /* swift_tutorialTests.xctest */ = {isa = PBXFileReference; explicitFileType = wrapper.cfbundle; includeInIndex = 0; path = swift_tutorialTests.xctest; sourceTree = BUILT_PRODUCTS_DIR; };
		B904B0721D14DA42000B869A /* swift_tutorialTests.swift */ = {isa = PBXFileReference; lastKnownFileType = sourcecode.swift; path = swift_tutorialTests.swift; sourceTree = "<group>"; };
		B904B0741D14DA42000B869A /* Info.plist */ = {isa = PBXFileReference; lastKnownFileType = text.plist.xml; path = Info.plist; sourceTree = "<group>"; };
		B904B07C1D14DCB4000B869A /* SWSCLAlertViewController.swift */ = {isa = PBXFileReference; fileEncoding = 4; lastKnownFileType = sourcecode.swift; name = SWSCLAlertViewController.swift; path = UI/SWSCLAlertViewController.swift; sourceTree = "<group>"; };
		B9A90E21570AAAA2920D128E /* Pods_swift_tutorial.framework */ = {isa = PBXFileReference; explicitFileType = wrapper.framework; includeInIndex = 0; path = Pods_swift_tutorial.framework; sourceTree = BUILT_PRODUCTS_DIR; };
		B9DA1F4B1CE22F36009B489A /* SWButtonViewController.swift */ = {isa = PBXFileReference; fileEncoding = 4; lastKnownFileType = sourcecode.swift; name = SWButtonViewController.swift; path = UI/SWButtonViewController.swift; sourceTree = "<group>"; };
		B9DA1F4D1CE23479009B489A /* SWUIViewController.swift */ = {isa = PBXFileReference; fileEncoding = 4; lastKnownFileType = sourcecode.swift; name = SWUIViewController.swift; path = UI/SWUIViewController.swift; sourceTree = "<group>"; };
		E90671941CEBF0EE004D0AE2 /* SWAPIManager.swift */ = {isa = PBXFileReference; fileEncoding = 4; lastKnownFileType = sourcecode.swift; name = SWAPIManager.swift; path = Network/SWAPIManager.swift; sourceTree = "<group>"; };
		E90671971CEBF2CC004D0AE2 /* APIResult.swift */ = {isa = PBXFileReference; fileEncoding = 4; lastKnownFileType = sourcecode.swift; name = APIResult.swift; path = Model/APIResult.swift; sourceTree = "<group>"; };
		E90671991CEBF54C004D0AE2 /* SWNetworkViewController.swift */ = {isa = PBXFileReference; fileEncoding = 4; lastKnownFileType = sourcecode.swift; name = SWNetworkViewController.swift; path = Network/SWNetworkViewController.swift; sourceTree = "<group>"; };
		E906719D1CEBF7D4004D0AE2 /* SWProgress.swift */ = {isa = PBXFileReference; fileEncoding = 4; lastKnownFileType = sourcecode.swift; name = SWProgress.swift; path = swift_tutorial/Util/SWProgress.swift; sourceTree = "<group>"; };
		E906719F1CEBF970004D0AE2 /* SWUtil.swift */ = {isa = PBXFileReference; fileEncoding = 4; lastKnownFileType = sourcecode.swift; name = SWUtil.swift; path = swift_tutorial/Util/SWUtil.swift; sourceTree = "<group>"; };
		E90671A21CEBFC80004D0AE2 /* SWConst.swift */ = {isa = PBXFileReference; fileEncoding = 4; lastKnownFileType = sourcecode.swift; name = SWConst.swift; path = Const/SWConst.swift; sourceTree = "<group>"; };
		E90671A41CEC013A004D0AE2 /* UIApplication+Extension.swift */ = {isa = PBXFileReference; fileEncoding = 4; lastKnownFileType = sourcecode.swift; name = "UIApplication+Extension.swift"; path = "Extension/UIApplication+Extension.swift"; sourceTree = "<group>"; };
		E90BA1491D18FCA800522020 /* SWMessageViewController.swift */ = {isa = PBXFileReference; fileEncoding = 4; lastKnownFileType = sourcecode.swift; name = SWMessageViewController.swift; path = UI/SWMessageViewController.swift; sourceTree = "<group>"; };
		E92179461CF7FD9D004D413E /* swift_tutorialUITests.xctest */ = {isa = PBXFileReference; explicitFileType = wrapper.cfbundle; includeInIndex = 0; path = swift_tutorialUITests.xctest; sourceTree = BUILT_PRODUCTS_DIR; };
		E921794A1CF7FD9D004D413E /* Info.plist */ = {isa = PBXFileReference; lastKnownFileType = text.plist.xml; path = Info.plist; sourceTree = "<group>"; };
		E92179501CF7FDD1004D413E /* swift_tutorialUITests-Bridging-Header.h */ = {isa = PBXFileReference; lastKnownFileType = sourcecode.c.h; path = "swift_tutorialUITests-Bridging-Header.h"; sourceTree = "<group>"; };
		E92179511CF7FDD1004D413E /* SWUITests.swift */ = {isa = PBXFileReference; fileEncoding = 4; lastKnownFileType = sourcecode.swift; name = SWUITests.swift; path = swift_tutorialUITests/SWUITests.swift; sourceTree = SOURCE_ROOT; };
		E92DDA6F1CF28DE4001429FC /* SWTrackModel.swift */ = {isa = PBXFileReference; fileEncoding = 4; lastKnownFileType = sourcecode.swift; name = SWTrackModel.swift; path = Model/SWTrackModel.swift; sourceTree = "<group>"; };
		E98610131CF4284100D613F4 /* SWAlert.swift */ = {isa = PBXFileReference; fileEncoding = 4; lastKnownFileType = sourcecode.swift; name = SWAlert.swift; path = swift_tutorial/Util/SWAlert.swift; sourceTree = "<group>"; };
		E98610151CF429FD00D613F4 /* SWAlertViewController.swift */ = {isa = PBXFileReference; fileEncoding = 4; lastKnownFileType = sourcecode.swift; name = SWAlertViewController.swift; path = UI/SWAlertViewController.swift; sourceTree = "<group>"; };
		E9E59B661CE0473900F00910 /* swift_tutorial.app */ = {isa = PBXFileReference; explicitFileType = wrapper.application; includeInIndex = 0; path = swift_tutorial.app; sourceTree = BUILT_PRODUCTS_DIR; };
		E9E59B691CE0473900F00910 /* AppDelegate.swift */ = {isa = PBXFileReference; lastKnownFileType = sourcecode.swift; path = AppDelegate.swift; sourceTree = "<group>"; };
		E9E59B6B1CE0473900F00910 /* ViewController.swift */ = {isa = PBXFileReference; lastKnownFileType = sourcecode.swift; path = ViewController.swift; sourceTree = "<group>"; };
		E9E59B6E1CE0473900F00910 /* Base */ = {isa = PBXFileReference; lastKnownFileType = file.storyboard; name = Base; path = Base.lproj/Main.storyboard; sourceTree = "<group>"; };
		E9E59B701CE0473900F00910 /* Assets.xcassets */ = {isa = PBXFileReference; lastKnownFileType = folder.assetcatalog; path = Assets.xcassets; sourceTree = "<group>"; };
		E9E59B731CE0473900F00910 /* Base */ = {isa = PBXFileReference; lastKnownFileType = file.storyboard; name = Base; path = Base.lproj/LaunchScreen.storyboard; sourceTree = "<group>"; };
		E9E59B751CE0473900F00910 /* Info.plist */ = {isa = PBXFileReference; lastKnownFileType = text.plist.xml; name = Info.plist; path = swift_tutorial/Info.plist; sourceTree = "<group>"; };
/* End PBXFileReference section */

/* Begin PBXFrameworksBuildPhase section */
		B904B06D1D14DA42000B869A /* Frameworks */ = {
			isa = PBXFrameworksBuildPhase;
			buildActionMask = 2147483647;
			files = (
			);
			runOnlyForDeploymentPostprocessing = 0;
		};
		E92179431CF7FD9D004D413E /* Frameworks */ = {
			isa = PBXFrameworksBuildPhase;
			buildActionMask = 2147483647;
			files = (
			);
			runOnlyForDeploymentPostprocessing = 0;
		};
		E9E59B631CE0473900F00910 /* Frameworks */ = {
			isa = PBXFrameworksBuildPhase;
			buildActionMask = 2147483647;
			files = (
				80A7EA6F3B894735F62A9A62 /* Pods_swift_tutorial.framework in Frameworks */,
			);
			runOnlyForDeploymentPostprocessing = 0;
		};
/* End PBXFrameworksBuildPhase section */

/* Begin PBXGroup section */
		A39EC8C39E6467CDE0CC1EFD /* Pods */ = {
			isa = PBXGroup;
			children = (
				383E149E03967457F9D3F382 /* Pods-swift_tutorial.debug.xcconfig */,
				2333C8C9B2C462A51C98E970 /* Pods-swift_tutorial.release.xcconfig */,
			);
			name = Pods;
			sourceTree = "<group>";
		};
		B904B0711D14DA42000B869A /* swift_tutorialTests */ = {
			isa = PBXGroup;
			children = (
				B904B0721D14DA42000B869A /* swift_tutorialTests.swift */,
				B904B0741D14DA42000B869A /* Info.plist */,
			);
			path = swift_tutorialTests;
			sourceTree = "<group>";
		};
		B904B07A1D14DA87000B869A /* Common */ = {
			isa = PBXGroup;
			children = (
				E90671A21CEBFC80004D0AE2 /* SWConst.swift */,
			);
			name = Common;
			sourceTree = "<group>";
		};
		B904B07B1D14DB41000B869A /* Model */ = {
			isa = PBXGroup;
			children = (
				E90671961CEBF2AE004D0AE2 /* Model */,
				E9461EFB1CEDB76D0087F037 /* DAO */,
			);
			name = Model;
			sourceTree = "<group>";
		};
		B99D12441CE212A800DDE512 /* Network */ = {
			isa = PBXGroup;
			children = (
				E90671941CEBF0EE004D0AE2 /* SWAPIManager.swift */,
				E90671991CEBF54C004D0AE2 /* SWNetworkViewController.swift */,
			);
			name = Network;
			sourceTree = "<group>";
		};
		D114D29D2EE0F4AFC5F637E5 /* Frameworks */ = {
			isa = PBXGroup;
			children = (
				B9A90E21570AAAA2920D128E /* Pods_swift_tutorial.framework */,
			);
			name = Frameworks;
			sourceTree = "<group>";
		};
		E90671961CEBF2AE004D0AE2 /* Model */ = {
			isa = PBXGroup;
			children = (
				E90671971CEBF2CC004D0AE2 /* APIResult.swift */,
				E92DDA6F1CF28DE4001429FC /* SWTrackModel.swift */,
			);
			name = Model;
			sourceTree = "<group>";
		};
		E906719C1CEBF7A2004D0AE2 /* Util */ = {
			isa = PBXGroup;
			children = (
				E906719D1CEBF7D4004D0AE2 /* SWProgress.swift */,
				E98610131CF4284100D613F4 /* SWAlert.swift */,
				E906719F1CEBF970004D0AE2 /* SWUtil.swift */,
			);
			name = Util;
			path = ..;
			sourceTree = "<group>";
		};
		E90671A61CEC02EA004D0AE2 /* Extension */ = {
			isa = PBXGroup;
			children = (
				E90671A41CEC013A004D0AE2 /* UIApplication+Extension.swift */,
			);
			name = Extension;
			sourceTree = "<group>";
		};
		E91304E31CE04E4700F78134 /* ViewController */ = {
			isa = PBXGroup;
			children = (
				B9DA1F4D1CE23479009B489A /* SWUIViewController.swift */,
				E98610151CF429FD00D613F4 /* SWAlertViewController.swift */,
				B904B07C1D14DCB4000B869A /* SWSCLAlertViewController.swift */,
				B9DA1F4B1CE22F36009B489A /* SWButtonViewController.swift */,
				E90BA1491D18FCA800522020 /* SWMessageViewController.swift */,
			);
			name = ViewController;
			sourceTree = "<group>";
		};
		E91304E41CE04E8F00F78134 /* Resources */ = {
			isa = PBXGroup;
			children = (
				E9E59B701CE0473900F00910 /* Assets.xcassets */,
				E9E59B6D1CE0473900F00910 /* Main.storyboard */,
				E9E59B721CE0473900F00910 /* LaunchScreen.storyboard */,
			);
			name = Resources;
			sourceTree = "<group>";
		};
		E91304E51CE04F1200F78134 /* Supporting Files */ = {
			isa = PBXGroup;
			children = (
				E9E59B751CE0473900F00910 /* Info.plist */,
			);
			name = "Supporting Files";
			path = ..;
			sourceTree = "<group>";
		};
		E92179411CF7FCFE004D413E /* UITests */ = {
			isa = PBXGroup;
			children = (
				E92179511CF7FDD1004D413E /* SWUITests.swift */,
				E92179501CF7FDD1004D413E /* swift_tutorialUITests-Bridging-Header.h */,
			);
			name = UITests;
			path = ../swift_tutorial;
			sourceTree = "<group>";
		};
		E92179471CF7FD9D004D413E /* swift_tutorialUITests */ = {
			isa = PBXGroup;
			children = (
				E92179411CF7FCFE004D413E /* UITests */,
				E921794A1CF7FD9D004D413E /* Info.plist */,
			);
			path = swift_tutorialUITests;
			sourceTree = "<group>";
		};
		E9461EFB1CEDB76D0087F037 /* DAO */ = {
			isa = PBXGroup;
			children = (
			);
			name = DAO;
			sourceTree = "<group>";
		};
		E9E59B5D1CE0473900F00910 = {
			isa = PBXGroup;
			children = (
				E9E59B681CE0473900F00910 /* swift_tutorial */,
				B904B0711D14DA42000B869A /* swift_tutorialTests */,
				E92179471CF7FD9D004D413E /* swift_tutorialUITests */,
				E9E59B671CE0473900F00910 /* Products */,
				D114D29D2EE0F4AFC5F637E5 /* Frameworks */,
				A39EC8C39E6467CDE0CC1EFD /* Pods */,
			);
			sourceTree = "<group>";
		};
		E9E59B671CE0473900F00910 /* Products */ = {
			isa = PBXGroup;
			children = (
				E9E59B661CE0473900F00910 /* swift_tutorial.app */,
				E92179461CF7FD9D004D413E /* swift_tutorialUITests.xctest */,
				B904B0701D14DA42000B869A /* swift_tutorialTests.xctest */,
			);
			name = Products;
			sourceTree = "<group>";
		};
		E9E59B681CE0473900F00910 /* swift_tutorial */ = {
			isa = PBXGroup;
			children = (
				E91304E31CE04E4700F78134 /* ViewController */,
				B904B07B1D14DB41000B869A /* Model */,
				E9E59B691CE0473900F00910 /* AppDelegate.swift */,
				E9E59B6B1CE0473900F00910 /* ViewController.swift */,
				B904B07A1D14DA87000B869A /* Common */,
				E90671A61CEC02EA004D0AE2 /* Extension */,
				B99D12441CE212A800DDE512 /* Network */,
				E906719C1CEBF7A2004D0AE2 /* Util */,
				E91304E41CE04E8F00F78134 /* Resources */,
				E91304E51CE04F1200F78134 /* Supporting Files */,
			);
			path = swift_tutorial;
			sourceTree = "<group>";
		};
/* End PBXGroup section */

/* Begin PBXNativeTarget section */
		B904B06F1D14DA42000B869A /* swift_tutorialTests */ = {
			isa = PBXNativeTarget;
			buildConfigurationList = B904B0791D14DA42000B869A /* Build configuration list for PBXNativeTarget "swift_tutorialTests" */;
			buildPhases = (
				B904B06C1D14DA42000B869A /* Sources */,
				B904B06D1D14DA42000B869A /* Frameworks */,
				B904B06E1D14DA42000B869A /* Resources */,
			);
			buildRules = (
			);
			dependencies = (
				B904B0761D14DA42000B869A /* PBXTargetDependency */,
			);
			name = swift_tutorialTests;
			productName = swift_tutorialTests;
			productReference = B904B0701D14DA42000B869A /* swift_tutorialTests.xctest */;
			productType = "com.apple.product-type.bundle.unit-test";
		};
		E92179451CF7FD9D004D413E /* swift_tutorialUITests */ = {
			isa = PBXNativeTarget;
			buildConfigurationList = E921794D1CF7FD9D004D413E /* Build configuration list for PBXNativeTarget "swift_tutorialUITests" */;
			buildPhases = (
				E92179421CF7FD9D004D413E /* Sources */,
				E92179431CF7FD9D004D413E /* Frameworks */,
				E92179441CF7FD9D004D413E /* Resources */,
			);
			buildRules = (
			);
			dependencies = (
				E921794C1CF7FD9D004D413E /* PBXTargetDependency */,
			);
			name = swift_tutorialUITests;
			productName = swift_tutorialUITests;
			productReference = E92179461CF7FD9D004D413E /* swift_tutorialUITests.xctest */;
			productType = "com.apple.product-type.bundle.ui-testing";
		};
		E9E59B651CE0473900F00910 /* swift_tutorial */ = {
			isa = PBXNativeTarget;
			buildConfigurationList = E9E59B781CE0473900F00910 /* Build configuration list for PBXNativeTarget "swift_tutorial" */;
			buildPhases = (
				D61B585D6E80F1C4C5A89E68 /* 📦 Check Pods Manifest.lock */,
				E9E59B621CE0473900F00910 /* Sources */,
				E9E59B631CE0473900F00910 /* Frameworks */,
				E9E59B641CE0473900F00910 /* Resources */,
				8F7E17F3D2C149DBDA9E0AD0 /* 📦 Embed Pods Frameworks */,
				53C77847EDF922728EE707CF /* 📦 Copy Pods Resources */,
			);
			buildRules = (
			);
			dependencies = (
			);
			name = swift_tutorial;
			productName = swift_tutorial;
			productReference = E9E59B661CE0473900F00910 /* swift_tutorial.app */;
			productType = "com.apple.product-type.application";
		};
/* End PBXNativeTarget section */

/* Begin PBXProject section */
		E9E59B5E1CE0473900F00910 /* Project object */ = {
			isa = PBXProject;
			attributes = {
				LastSwiftUpdateCheck = 0730;
				LastUpgradeCheck = 0730;
				ORGANIZATIONNAME = kokaru.com;
				TargetAttributes = {
					B904B06F1D14DA42000B869A = {
						CreatedOnToolsVersion = 7.3.1;
						TestTargetID = E9E59B651CE0473900F00910;
					};
					E92179451CF7FD9D004D413E = {
						CreatedOnToolsVersion = 7.3.1;
						TestTargetID = E9E59B651CE0473900F00910;
					};
					E9E59B651CE0473900F00910 = {
						CreatedOnToolsVersion = 7.3.1;
					};
				};
			};
			buildConfigurationList = E9E59B611CE0473900F00910 /* Build configuration list for PBXProject "swift_tutorial" */;
			compatibilityVersion = "Xcode 3.2";
			developmentRegion = English;
			hasScannedForEncodings = 0;
			knownRegions = (
				en,
				Base,
			);
			mainGroup = E9E59B5D1CE0473900F00910;
			productRefGroup = E9E59B671CE0473900F00910 /* Products */;
			projectDirPath = "";
			projectRoot = "";
			targets = (
				E9E59B651CE0473900F00910 /* swift_tutorial */,
				B904B06F1D14DA42000B869A /* swift_tutorialTests */,
				E92179451CF7FD9D004D413E /* swift_tutorialUITests */,
			);
		};
/* End PBXProject section */

/* Begin PBXResourcesBuildPhase section */
		B904B06E1D14DA42000B869A /* Resources */ = {
			isa = PBXResourcesBuildPhase;
			buildActionMask = 2147483647;
			files = (
			);
			runOnlyForDeploymentPostprocessing = 0;
		};
		E92179441CF7FD9D004D413E /* Resources */ = {
			isa = PBXResourcesBuildPhase;
			buildActionMask = 2147483647;
			files = (
			);
			runOnlyForDeploymentPostprocessing = 0;
		};
		E9E59B641CE0473900F00910 /* Resources */ = {
			isa = PBXResourcesBuildPhase;
			buildActionMask = 2147483647;
			files = (
				E9E59B741CE0473900F00910 /* LaunchScreen.storyboard in Resources */,
				E9E59B711CE0473900F00910 /* Assets.xcassets in Resources */,
				E9E59B6F1CE0473900F00910 /* Main.storyboard in Resources */,
			);
			runOnlyForDeploymentPostprocessing = 0;
		};
/* End PBXResourcesBuildPhase section */

/* Begin PBXShellScriptBuildPhase section */
		53C77847EDF922728EE707CF /* 📦 Copy Pods Resources */ = {
			isa = PBXShellScriptBuildPhase;
			buildActionMask = 2147483647;
			files = (
			);
			inputPaths = (
			);
			name = "📦 Copy Pods Resources";
			outputPaths = (
			);
			runOnlyForDeploymentPostprocessing = 0;
			shellPath = /bin/sh;
			shellScript = "\"${SRCROOT}/Pods/Target Support Files/Pods-swift_tutorial/Pods-swift_tutorial-resources.sh\"\n";
			showEnvVarsInLog = 0;
		};
		8F7E17F3D2C149DBDA9E0AD0 /* 📦 Embed Pods Frameworks */ = {
			isa = PBXShellScriptBuildPhase;
			buildActionMask = 2147483647;
			files = (
			);
			inputPaths = (
			);
			name = "📦 Embed Pods Frameworks";
			outputPaths = (
			);
			runOnlyForDeploymentPostprocessing = 0;
			shellPath = /bin/sh;
			shellScript = "\"${SRCROOT}/Pods/Target Support Files/Pods-swift_tutorial/Pods-swift_tutorial-frameworks.sh\"\n";
			showEnvVarsInLog = 0;
		};
		D61B585D6E80F1C4C5A89E68 /* 📦 Check Pods Manifest.lock */ = {
			isa = PBXShellScriptBuildPhase;
			buildActionMask = 2147483647;
			files = (
			);
			inputPaths = (
			);
			name = "📦 Check Pods Manifest.lock";
			outputPaths = (
			);
			runOnlyForDeploymentPostprocessing = 0;
			shellPath = /bin/sh;
			shellScript = "diff \"${PODS_ROOT}/../Podfile.lock\" \"${PODS_ROOT}/Manifest.lock\" > /dev/null\nif [[ $? != 0 ]] ; then\n    cat << EOM\nerror: The sandbox is not in sync with the Podfile.lock. Run 'pod install' or update your CocoaPods installation.\nEOM\n    exit 1\nfi\n";
			showEnvVarsInLog = 0;
		};
/* End PBXShellScriptBuildPhase section */

/* Begin PBXSourcesBuildPhase section */
		B904B06C1D14DA42000B869A /* Sources */ = {
			isa = PBXSourcesBuildPhase;
			buildActionMask = 2147483647;
			files = (
				B904B07E1D14DCE4000B869A /* SWButtonViewController.swift in Sources */,
				B904B0731D14DA42000B869A /* swift_tutorialTests.swift in Sources */,
			);
			runOnlyForDeploymentPostprocessing = 0;
		};
		E92179421CF7FD9D004D413E /* Sources */ = {
			isa = PBXSourcesBuildPhase;
			buildActionMask = 2147483647;
			files = (
				E92179521CF7FDD1004D413E /* SWUITests.swift in Sources */,
			);
			runOnlyForDeploymentPostprocessing = 0;
		};
		E9E59B621CE0473900F00910 /* Sources */ = {
			isa = PBXSourcesBuildPhase;
			buildActionMask = 2147483647;
			files = (
				E9E59B6C1CE0473900F00910 /* ViewController.swift in Sources */,
				B904B07D1D14DCB4000B869A /* SWSCLAlertViewController.swift in Sources */,
				E92DDA701CF28DE4001429FC /* SWTrackModel.swift in Sources */,
				E90671A31CEBFC80004D0AE2 /* SWConst.swift in Sources */,
				E98610141CF4284100D613F4 /* SWAlert.swift in Sources */,
				B9DA1F4E1CE23479009B489A /* SWUIViewController.swift in Sources */,
				E90BA14A1D18FCA800522020 /* SWMessageViewController.swift in Sources */,
				E98610161CF429FD00D613F4 /* SWAlertViewController.swift in Sources */,
				E906719A1CEBF54C004D0AE2 /* SWNetworkViewController.swift in Sources */,
				E90671A51CEC013A004D0AE2 /* UIApplication+Extension.swift in Sources */,
				E90671A01CEBF970004D0AE2 /* SWUtil.swift in Sources */,
				E90671951CEBF0EE004D0AE2 /* SWAPIManager.swift in Sources */,
				E90671981CEBF2CC004D0AE2 /* APIResult.swift in Sources */,
				E906719E1CEBF7D4004D0AE2 /* SWProgress.swift in Sources */,
				E9E59B6A1CE0473900F00910 /* AppDelegate.swift in Sources */,
				B9DA1F4C1CE22F36009B489A /* SWButtonViewController.swift in Sources */,
			);
			runOnlyForDeploymentPostprocessing = 0;
		};
/* End PBXSourcesBuildPhase section */

/* Begin PBXTargetDependency section */
		B904B0761D14DA42000B869A /* PBXTargetDependency */ = {
			isa = PBXTargetDependency;
			target = E9E59B651CE0473900F00910 /* swift_tutorial */;
			targetProxy = B904B0751D14DA42000B869A /* PBXContainerItemProxy */;
		};
		E921794C1CF7FD9D004D413E /* PBXTargetDependency */ = {
			isa = PBXTargetDependency;
			target = E9E59B651CE0473900F00910 /* swift_tutorial */;
			targetProxy = E921794B1CF7FD9D004D413E /* PBXContainerItemProxy */;
		};
/* End PBXTargetDependency section */

/* Begin PBXVariantGroup section */
		E9E59B6D1CE0473900F00910 /* Main.storyboard */ = {
			isa = PBXVariantGroup;
			children = (
				E9E59B6E1CE0473900F00910 /* Base */,
			);
			name = Main.storyboard;
			sourceTree = "<group>";
		};
		E9E59B721CE0473900F00910 /* LaunchScreen.storyboard */ = {
			isa = PBXVariantGroup;
			children = (
				E9E59B731CE0473900F00910 /* Base */,
			);
			name = LaunchScreen.storyboard;
			sourceTree = "<group>";
		};
/* End PBXVariantGroup section */

/* Begin XCBuildConfiguration section */
		B904B0771D14DA42000B869A /* Debug */ = {
			isa = XCBuildConfiguration;
			buildSettings = {
				BUNDLE_LOADER = "$(TEST_HOST)";
				INFOPLIST_FILE = swift_tutorialTests/Info.plist;
				LD_RUNPATH_SEARCH_PATHS = "$(inherited) @executable_path/Frameworks @loader_path/Frameworks";
				PRODUCT_BUNDLE_IDENTIFIER = "com.kokaru.swift-tutorialTests";
				PRODUCT_NAME = "$(TARGET_NAME)";
				TEST_HOST = "$(BUILT_PRODUCTS_DIR)/swift_tutorial.app/swift_tutorial";
			};
			name = Debug;
		};
		B904B0781D14DA42000B869A /* Release */ = {
			isa = XCBuildConfiguration;
			buildSettings = {
				BUNDLE_LOADER = "$(TEST_HOST)";
				INFOPLIST_FILE = swift_tutorialTests/Info.plist;
				LD_RUNPATH_SEARCH_PATHS = "$(inherited) @executable_path/Frameworks @loader_path/Frameworks";
				PRODUCT_BUNDLE_IDENTIFIER = "com.kokaru.swift-tutorialTests";
				PRODUCT_NAME = "$(TARGET_NAME)";
				TEST_HOST = "$(BUILT_PRODUCTS_DIR)/swift_tutorial.app/swift_tutorial";
			};
			name = Release;
		};
		E921794E1CF7FD9D004D413E /* Debug */ = {
			isa = XCBuildConfiguration;
			buildSettings = {
				CLANG_ENABLE_MODULES = YES;
				INFOPLIST_FILE = swift_tutorialUITests/Info.plist;
				LD_RUNPATH_SEARCH_PATHS = "$(inherited) @executable_path/Frameworks @loader_path/Frameworks";
				PRODUCT_BUNDLE_IDENTIFIER = "com.kokaru.swift-tutorialUITests";
				PRODUCT_NAME = "$(TARGET_NAME)";
				SWIFT_OBJC_BRIDGING_HEADER = "swift_tutorial/swift_tutorialUITests-Bridging-Header.h";
				SWIFT_OPTIMIZATION_LEVEL = "-Onone";
				TEST_TARGET_NAME = swift_tutorial;
			};
			name = Debug;
		};
		E921794F1CF7FD9D004D413E /* Release */ = {
			isa = XCBuildConfiguration;
			buildSettings = {
				CLANG_ENABLE_MODULES = YES;
				INFOPLIST_FILE = swift_tutorialUITests/Info.plist;
				LD_RUNPATH_SEARCH_PATHS = "$(inherited) @executable_path/Frameworks @loader_path/Frameworks";
				PRODUCT_BUNDLE_IDENTIFIER = "com.kokaru.swift-tutorialUITests";
				PRODUCT_NAME = "$(TARGET_NAME)";
				SWIFT_OBJC_BRIDGING_HEADER = "swift_tutorial/swift_tutorialUITests-Bridging-Header.h";
				TEST_TARGET_NAME = swift_tutorial;
			};
			name = Release;
		};
		E9E59B761CE0473900F00910 /* Debug */ = {
			isa = XCBuildConfiguration;
			buildSettings = {
				ALWAYS_SEARCH_USER_PATHS = NO;
				CLANG_ANALYZER_NONNULL = YES;
				CLANG_CXX_LANGUAGE_STANDARD = "gnu++0x";
				CLANG_CXX_LIBRARY = "libc++";
				CLANG_ENABLE_MODULES = YES;
				CLANG_ENABLE_OBJC_ARC = YES;
				CLANG_WARN_BOOL_CONVERSION = YES;
				CLANG_WARN_CONSTANT_CONVERSION = YES;
				CLANG_WARN_DIRECT_OBJC_ISA_USAGE = YES_ERROR;
				CLANG_WARN_EMPTY_BODY = YES;
				CLANG_WARN_ENUM_CONVERSION = YES;
				CLANG_WARN_INT_CONVERSION = YES;
				CLANG_WARN_OBJC_ROOT_CLASS = YES_ERROR;
				CLANG_WARN_UNREACHABLE_CODE = YES;
				CLANG_WARN__DUPLICATE_METHOD_MATCH = YES;
				"CODE_SIGN_IDENTITY[sdk=iphoneos*]" = "iPhone Developer";
				COPY_PHASE_STRIP = NO;
				DEBUG_INFORMATION_FORMAT = dwarf;
				ENABLE_STRICT_OBJC_MSGSEND = YES;
				ENABLE_TESTABILITY = YES;
				GCC_C_LANGUAGE_STANDARD = gnu99;
				GCC_DYNAMIC_NO_PIC = NO;
				GCC_NO_COMMON_BLOCKS = YES;
				GCC_OPTIMIZATION_LEVEL = 0;
				GCC_PREPROCESSOR_DEFINITIONS = (
					"DEBUG=1",
					"$(inherited)",
				);
				GCC_WARN_64_TO_32_BIT_CONVERSION = YES;
				GCC_WARN_ABOUT_RETURN_TYPE = YES_ERROR;
				GCC_WARN_UNDECLARED_SELECTOR = YES;
				GCC_WARN_UNINITIALIZED_AUTOS = YES_AGGRESSIVE;
				GCC_WARN_UNUSED_FUNCTION = YES;
				GCC_WARN_UNUSED_VARIABLE = YES;
				IPHONEOS_DEPLOYMENT_TARGET = 9.3;
				MTL_ENABLE_DEBUG_INFO = YES;
				ONLY_ACTIVE_ARCH = YES;
				SDKROOT = iphoneos;
				SWIFT_OPTIMIZATION_LEVEL = "-Onone";
				TARGETED_DEVICE_FAMILY = "1,2";
			};
			name = Debug;
		};
		E9E59B771CE0473900F00910 /* Release */ = {
			isa = XCBuildConfiguration;
			buildSettings = {
				ALWAYS_SEARCH_USER_PATHS = NO;
				CLANG_ANALYZER_NONNULL = YES;
				CLANG_CXX_LANGUAGE_STANDARD = "gnu++0x";
				CLANG_CXX_LIBRARY = "libc++";
				CLANG_ENABLE_MODULES = YES;
				CLANG_ENABLE_OBJC_ARC = YES;
				CLANG_WARN_BOOL_CONVERSION = YES;
				CLANG_WARN_CONSTANT_CONVERSION = YES;
				CLANG_WARN_DIRECT_OBJC_ISA_USAGE = YES_ERROR;
				CLANG_WARN_EMPTY_BODY = YES;
				CLANG_WARN_ENUM_CONVERSION = YES;
				CLANG_WARN_INT_CONVERSION = YES;
				CLANG_WARN_OBJC_ROOT_CLASS = YES_ERROR;
				CLANG_WARN_UNREACHABLE_CODE = YES;
				CLANG_WARN__DUPLICATE_METHOD_MATCH = YES;
				"CODE_SIGN_IDENTITY[sdk=iphoneos*]" = "iPhone Developer";
				COPY_PHASE_STRIP = NO;
				DEBUG_INFORMATION_FORMAT = "dwarf-with-dsym";
				ENABLE_NS_ASSERTIONS = NO;
				ENABLE_STRICT_OBJC_MSGSEND = YES;
				GCC_C_LANGUAGE_STANDARD = gnu99;
				GCC_NO_COMMON_BLOCKS = YES;
				GCC_WARN_64_TO_32_BIT_CONVERSION = YES;
				GCC_WARN_ABOUT_RETURN_TYPE = YES_ERROR;
				GCC_WARN_UNDECLARED_SELECTOR = YES;
				GCC_WARN_UNINITIALIZED_AUTOS = YES_AGGRESSIVE;
				GCC_WARN_UNUSED_FUNCTION = YES;
				GCC_WARN_UNUSED_VARIABLE = YES;
				IPHONEOS_DEPLOYMENT_TARGET = 9.3;
				MTL_ENABLE_DEBUG_INFO = NO;
				SDKROOT = iphoneos;
				TARGETED_DEVICE_FAMILY = "1,2";
				VALIDATE_PRODUCT = YES;
			};
			name = Release;
		};
		E9E59B791CE0473900F00910 /* Debug */ = {
			isa = XCBuildConfiguration;
			baseConfigurationReference = 383E149E03967457F9D3F382 /* Pods-swift_tutorial.debug.xcconfig */;
			buildSettings = {
				ASSETCATALOG_COMPILER_APPICON_NAME = AppIcon;
				INFOPLIST_FILE = swift_tutorial/Info.plist;
				LD_RUNPATH_SEARCH_PATHS = "$(inherited) @executable_path/Frameworks";
				PRODUCT_BUNDLE_IDENTIFIER = "com.kokaru.swift-tutorial";
				PRODUCT_NAME = "$(TARGET_NAME)";
			};
			name = Debug;
		};
		E9E59B7A1CE0473900F00910 /* Release */ = {
			isa = XCBuildConfiguration;
			baseConfigurationReference = 2333C8C9B2C462A51C98E970 /* Pods-swift_tutorial.release.xcconfig */;
			buildSettings = {
				ASSETCATALOG_COMPILER_APPICON_NAME = AppIcon;
				INFOPLIST_FILE = swift_tutorial/Info.plist;
				LD_RUNPATH_SEARCH_PATHS = "$(inherited) @executable_path/Frameworks";
				PRODUCT_BUNDLE_IDENTIFIER = "com.kokaru.swift-tutorial";
				PRODUCT_NAME = "$(TARGET_NAME)";
			};
			name = Release;
		};
/* End XCBuildConfiguration section */

/* Begin XCConfigurationList section */
		B904B0791D14DA42000B869A /* Build configuration list for PBXNativeTarget "swift_tutorialTests" */ = {
			isa = XCConfigurationList;
			buildConfigurations = (
				B904B0771D14DA42000B869A /* Debug */,
				B904B0781D14DA42000B869A /* Release */,
			);
			defaultConfigurationIsVisible = 0;
			defaultConfigurationName = Release;
		};
		E921794D1CF7FD9D004D413E /* Build configuration list for PBXNativeTarget "swift_tutorialUITests" */ = {
			isa = XCConfigurationList;
			buildConfigurations = (
				E921794E1CF7FD9D004D413E /* Debug */,
				E921794F1CF7FD9D004D413E /* Release */,
			);
			defaultConfigurationIsVisible = 0;
			defaultConfigurationName = Release;
		};
		E9E59B611CE0473900F00910 /* Build configuration list for PBXProject "swift_tutorial" */ = {
			isa = XCConfigurationList;
			buildConfigurations = (
				E9E59B761CE0473900F00910 /* Debug */,
				E9E59B771CE0473900F00910 /* Release */,
			);
			defaultConfigurationIsVisible = 0;
			defaultConfigurationName = Release;
		};
		E9E59B781CE0473900F00910 /* Build configuration list for PBXNativeTarget "swift_tutorial" */ = {
			isa = XCConfigurationList;
			buildConfigurations = (
				E9E59B791CE0473900F00910 /* Debug */,
				E9E59B7A1CE0473900F00910 /* Release */,
			);
			defaultConfigurationIsVisible = 0;
			defaultConfigurationName = Release;
		};
/* End XCConfigurationList section */
	};
	rootObject = E9E59B5E1CE0473900F00910 /* Project object */;
}
